// !$*UTF8*$!
{
	archiveVersion = 1;
	classes = {
	};
	objectVersion = 46;
	objects = {

/* Begin PBXBuildFile section */
		2872A0C31DF0A8B000380841 /* CG-Extensions.swift in Sources */ = {isa = PBXBuildFile; fileRef = 2872A0C21DF0A8B000380841 /* CG-Extensions.swift */; };
		7DAB52821D3CA2BB0080B7D6 /* AppDelegate.swift in Sources */ = {isa = PBXBuildFile; fileRef = 7DAB52811D3CA2BB0080B7D6 /* AppDelegate.swift */; };
		7DAB52841D3CA2BB0080B7D6 /* ViewController.swift in Sources */ = {isa = PBXBuildFile; fileRef = 7DAB52831D3CA2BB0080B7D6 /* ViewController.swift */; };
		7DAB52891D3CA2BB0080B7D6 /* Assets.xcassets in Resources */ = {isa = PBXBuildFile; fileRef = 7DAB52881D3CA2BB0080B7D6 /* Assets.xcassets */; };
		7DAB528C1D3CA2BB0080B7D6 /* LaunchScreen.storyboard in Resources */ = {isa = PBXBuildFile; fileRef = 7DAB528A1D3CA2BB0080B7D6 /* LaunchScreen.storyboard */; };
		7DAB52971D3CA2BB0080B7D6 /* RLStickyHeaderFlowLayoutTests.swift in Sources */ = {isa = PBXBuildFile; fileRef = 7DAB52961D3CA2BB0080B7D6 /* RLStickyHeaderFlowLayoutTests.swift */; };
		7DAB52AB1D3CA2DE0080B7D6 /* RLStickyHeaderFlowLayout.swift in Sources */ = {isa = PBXBuildFile; fileRef = 7DAB52A21D3CA2DE0080B7D6 /* RLStickyHeaderFlowLayout.swift */; };
		7DAB52AC1D3CA2DE0080B7D6 /* RLStickyHeaderFlowLayoutAttributes.swift in Sources */ = {isa = PBXBuildFile; fileRef = 7DAB52A31D3CA2DE0080B7D6 /* RLStickyHeaderFlowLayoutAttributes.swift */; };
		7DAB52AD1D3CA2DE0080B7D6 /* RLBaseCollectionController.swift in Sources */ = {isa = PBXBuildFile; fileRef = 7DAB52A61D3CA2DE0080B7D6 /* RLBaseCollectionController.swift */; };
		7DAB52AE1D3CA2DE0080B7D6 /* RLGrowHeaderController.swift in Sources */ = {isa = PBXBuildFile; fileRef = 7DAB52A71D3CA2DE0080B7D6 /* RLGrowHeaderController.swift */; };
		7DAB52AF1D3CA2DE0080B7D6 /* RLLockedHeaderController.swift in Sources */ = {isa = PBXBuildFile; fileRef = 7DAB52A81D3CA2DE0080B7D6 /* RLLockedHeaderController.swift */; };
		7DAB52B01D3CA2DE0080B7D6 /* RLParallaxHeaderController.swift in Sources */ = {isa = PBXBuildFile; fileRef = 7DAB52A91D3CA2DE0080B7D6 /* RLParallaxHeaderController.swift */; };
		7DAB52B11D3CA2DE0080B7D6 /* RLStickyParallaxHeaderController.swift in Sources */ = {isa = PBXBuildFile; fileRef = 7DAB52AA1D3CA2DE0080B7D6 /* RLStickyParallaxHeaderController.swift */; };
		7DAB52B41D3CA36C0080B7D6 /* RLCollectionCell.swift in Sources */ = {isa = PBXBuildFile; fileRef = 7DAB52B31D3CA36C0080B7D6 /* RLCollectionCell.swift */; };
		7DAB52B61D3CA39C0080B7D6 /* RLSectionHeader.swift in Sources */ = {isa = PBXBuildFile; fileRef = 7DAB52B51D3CA39C0080B7D6 /* RLSectionHeader.swift */; };
		7DAB52B91D3CA3C70080B7D6 /* RLAlwaysOnTopHeader.swift in Sources */ = {isa = PBXBuildFile; fileRef = 7DAB52B71D3CA3C70080B7D6 /* RLAlwaysOnTopHeader.swift */; };
		7DAB52BA1D3CA3C70080B7D6 /* RLAlwaysOnTopHeader.xib in Resources */ = {isa = PBXBuildFile; fileRef = 7DAB52B81D3CA3C70080B7D6 /* RLAlwaysOnTopHeader.xib */; };
		7DAB52BC1D3CA3DE0080B7D6 /* RLParallaxHeader.xib in Resources */ = {isa = PBXBuildFile; fileRef = 7DAB52BB1D3CA3DE0080B7D6 /* RLParallaxHeader.xib */; };
		7DB84F0E1D3CA41400B1EE08 /* RLSearchBarHeader.xib in Resources */ = {isa = PBXBuildFile; fileRef = 7DB84F0D1D3CA41400B1EE08 /* RLSearchBarHeader.xib */; };
		7DB84F101D3CA42E00B1EE08 /* RLGrowHeader.xib in Resources */ = {isa = PBXBuildFile; fileRef = 7DB84F0F1D3CA42E00B1EE08 /* RLGrowHeader.xib */; };
		7DB84F131D3CA50100B1EE08 /* Main.storyboard in Resources */ = {isa = PBXBuildFile; fileRef = 7DB84F111D3CA50100B1EE08 /* Main.storyboard */; };
		7DB84F161D3CAF3200B1EE08 /* MapKit.framework in Frameworks */ = {isa = PBXBuildFile; fileRef = 7DB84F151D3CAF3200B1EE08 /* MapKit.framework */; };
/* End PBXBuildFile section */

/* Begin PBXContainerItemProxy section */
		7DAB52931D3CA2BB0080B7D6 /* PBXContainerItemProxy */ = {
			isa = PBXContainerItemProxy;
			containerPortal = 7DAB52761D3CA2BB0080B7D6 /* Project object */;
			proxyType = 1;
			remoteGlobalIDString = 7DAB527D1D3CA2BB0080B7D6;
			remoteInfo = RLStickyHeaderFlowLayout;
		};
/* End PBXContainerItemProxy section */

/* Begin PBXCopyFilesBuildPhase section */
		7D2AE1541D3D26A200B91337 /* Embed Frameworks */ = {
			isa = PBXCopyFilesBuildPhase;
			buildActionMask = 2147483647;
			dstPath = "";
			dstSubfolderSpec = 10;
			files = (
			);
			name = "Embed Frameworks";
			runOnlyForDeploymentPostprocessing = 0;
		};
/* End PBXCopyFilesBuildPhase section */

/* Begin PBXFileReference section */
		2872A0C21DF0A8B000380841 /* CG-Extensions.swift */ = {isa = PBXFileReference; fileEncoding = 4; lastKnownFileType = sourcecode.swift; path = "CG-Extensions.swift"; sourceTree = "<group>"; };
		7DAB527E1D3CA2BB0080B7D6 /* RLStickyHeaderFlowLayout.app */ = {isa = PBXFileReference; explicitFileType = wrapper.application; includeInIndex = 0; path = RLStickyHeaderFlowLayout.app; sourceTree = BUILT_PRODUCTS_DIR; };
		7DAB52811D3CA2BB0080B7D6 /* AppDelegate.swift */ = {isa = PBXFileReference; lastKnownFileType = sourcecode.swift; path = AppDelegate.swift; sourceTree = "<group>"; };
		7DAB52831D3CA2BB0080B7D6 /* ViewController.swift */ = {isa = PBXFileReference; lastKnownFileType = sourcecode.swift; path = ViewController.swift; sourceTree = "<group>"; };
		7DAB52881D3CA2BB0080B7D6 /* Assets.xcassets */ = {isa = PBXFileReference; lastKnownFileType = folder.assetcatalog; path = Assets.xcassets; sourceTree = "<group>"; };
		7DAB528B1D3CA2BB0080B7D6 /* Base */ = {isa = PBXFileReference; lastKnownFileType = file.storyboard; name = Base; path = Base.lproj/LaunchScreen.storyboard; sourceTree = "<group>"; };
		7DAB528D1D3CA2BB0080B7D6 /* Info.plist */ = {isa = PBXFileReference; lastKnownFileType = text.plist.xml; path = Info.plist; sourceTree = "<group>"; };
		7DAB52921D3CA2BB0080B7D6 /* RLStickyHeaderFlowLayoutTests.xctest */ = {isa = PBXFileReference; explicitFileType = wrapper.cfbundle; includeInIndex = 0; path = RLStickyHeaderFlowLayoutTests.xctest; sourceTree = BUILT_PRODUCTS_DIR; };
		7DAB52961D3CA2BB0080B7D6 /* RLStickyHeaderFlowLayoutTests.swift */ = {isa = PBXFileReference; lastKnownFileType = sourcecode.swift; path = RLStickyHeaderFlowLayoutTests.swift; sourceTree = "<group>"; };
		7DAB52981D3CA2BB0080B7D6 /* Info.plist */ = {isa = PBXFileReference; lastKnownFileType = text.plist.xml; path = Info.plist; sourceTree = "<group>"; };
		7DAB52A21D3CA2DE0080B7D6 /* RLStickyHeaderFlowLayout.swift */ = {isa = PBXFileReference; fileEncoding = 4; lastKnownFileType = sourcecode.swift; path = RLStickyHeaderFlowLayout.swift; sourceTree = "<group>"; };
		7DAB52A31D3CA2DE0080B7D6 /* RLStickyHeaderFlowLayoutAttributes.swift */ = {isa = PBXFileReference; fileEncoding = 4; lastKnownFileType = sourcecode.swift; path = RLStickyHeaderFlowLayoutAttributes.swift; sourceTree = "<group>"; };
		7DAB52A61D3CA2DE0080B7D6 /* RLBaseCollectionController.swift */ = {isa = PBXFileReference; fileEncoding = 4; lastKnownFileType = sourcecode.swift; path = RLBaseCollectionController.swift; sourceTree = "<group>"; };
		7DAB52A71D3CA2DE0080B7D6 /* RLGrowHeaderController.swift */ = {isa = PBXFileReference; fileEncoding = 4; lastKnownFileType = sourcecode.swift; path = RLGrowHeaderController.swift; sourceTree = "<group>"; };
		7DAB52A81D3CA2DE0080B7D6 /* RLLockedHeaderController.swift */ = {isa = PBXFileReference; fileEncoding = 4; lastKnownFileType = sourcecode.swift; path = RLLockedHeaderController.swift; sourceTree = "<group>"; };
		7DAB52A91D3CA2DE0080B7D6 /* RLParallaxHeaderController.swift */ = {isa = PBXFileReference; fileEncoding = 4; lastKnownFileType = sourcecode.swift; path = RLParallaxHeaderController.swift; sourceTree = "<group>"; };
		7DAB52AA1D3CA2DE0080B7D6 /* RLStickyParallaxHeaderController.swift */ = {isa = PBXFileReference; fileEncoding = 4; lastKnownFileType = sourcecode.swift; path = RLStickyParallaxHeaderController.swift; sourceTree = "<group>"; };
		7DAB52B31D3CA36C0080B7D6 /* RLCollectionCell.swift */ = {isa = PBXFileReference; fileEncoding = 4; lastKnownFileType = sourcecode.swift; path = RLCollectionCell.swift; sourceTree = "<group>"; };
		7DAB52B51D3CA39C0080B7D6 /* RLSectionHeader.swift */ = {isa = PBXFileReference; fileEncoding = 4; lastKnownFileType = sourcecode.swift; path = RLSectionHeader.swift; sourceTree = "<group>"; };
		7DAB52B71D3CA3C70080B7D6 /* RLAlwaysOnTopHeader.swift */ = {isa = PBXFileReference; fileEncoding = 4; lastKnownFileType = sourcecode.swift; path = RLAlwaysOnTopHeader.swift; sourceTree = "<group>"; };
		7DAB52B81D3CA3C70080B7D6 /* RLAlwaysOnTopHeader.xib */ = {isa = PBXFileReference; fileEncoding = 4; lastKnownFileType = file.xib; path = RLAlwaysOnTopHeader.xib; sourceTree = "<group>"; };
		7DAB52BB1D3CA3DE0080B7D6 /* RLParallaxHeader.xib */ = {isa = PBXFileReference; fileEncoding = 4; lastKnownFileType = file.xib; path = RLParallaxHeader.xib; sourceTree = "<group>"; };
		7DB84F0D1D3CA41400B1EE08 /* RLSearchBarHeader.xib */ = {isa = PBXFileReference; fileEncoding = 4; lastKnownFileType = file.xib; path = RLSearchBarHeader.xib; sourceTree = "<group>"; };
		7DB84F0F1D3CA42E00B1EE08 /* RLGrowHeader.xib */ = {isa = PBXFileReference; fileEncoding = 4; lastKnownFileType = file.xib; path = RLGrowHeader.xib; sourceTree = "<group>"; };
		7DB84F121D3CA50100B1EE08 /* Base */ = {isa = PBXFileReference; lastKnownFileType = file.storyboard; name = Base; path = Base.lproj/Main.storyboard; sourceTree = "<group>"; };
		7DB84F151D3CAF3200B1EE08 /* MapKit.framework */ = {isa = PBXFileReference; lastKnownFileType = wrapper.framework; name = MapKit.framework; path = System/Library/Frameworks/MapKit.framework; sourceTree = SDKROOT; };
/* End PBXFileReference section */

/* Begin PBXFrameworksBuildPhase section */
		7DAB527B1D3CA2BB0080B7D6 /* Frameworks */ = {
			isa = PBXFrameworksBuildPhase;
			buildActionMask = 2147483647;
			files = (
				7DB84F161D3CAF3200B1EE08 /* MapKit.framework in Frameworks */,
			);
			runOnlyForDeploymentPostprocessing = 0;
		};
		7DAB528F1D3CA2BB0080B7D6 /* Frameworks */ = {
			isa = PBXFrameworksBuildPhase;
			buildActionMask = 2147483647;
			files = (
			);
			runOnlyForDeploymentPostprocessing = 0;
		};
/* End PBXFrameworksBuildPhase section */

/* Begin PBXGroup section */
		7DAB52751D3CA2BB0080B7D6 = {
			isa = PBXGroup;
			children = (
				7DAB52801D3CA2BB0080B7D6 /* RLStickyHeaderFlowLayout */,
				7DAB52951D3CA2BB0080B7D6 /* RLStickyHeaderFlowLayoutTests */,
				7DAB527F1D3CA2BB0080B7D6 /* Products */,
				7DB84F141D3CAF1800B1EE08 /* Frameworks */,
			);
			sourceTree = "<group>";
		};
		7DAB527F1D3CA2BB0080B7D6 /* Products */ = {
			isa = PBXGroup;
			children = (
				7DAB527E1D3CA2BB0080B7D6 /* RLStickyHeaderFlowLayout.app */,
				7DAB52921D3CA2BB0080B7D6 /* RLStickyHeaderFlowLayoutTests.xctest */,
			);
			name = Products;
			sourceTree = "<group>";
		};
		7DAB52801D3CA2BB0080B7D6 /* RLStickyHeaderFlowLayout */ = {
			isa = PBXGroup;
			children = (
				7DAB52A11D3CA2DE0080B7D6 /* RLStickyHeaderFlowLayout */,
				7DAB52A41D3CA2DE0080B7D6 /* RLStickyHeaderFlowLayoutDemo */,
				7DAB52811D3CA2BB0080B7D6 /* AppDelegate.swift */,
				7DAB52831D3CA2BB0080B7D6 /* ViewController.swift */,
				7DB84F111D3CA50100B1EE08 /* Main.storyboard */,
				7DAB52881D3CA2BB0080B7D6 /* Assets.xcassets */,
				7DAB528A1D3CA2BB0080B7D6 /* LaunchScreen.storyboard */,
				7DAB528D1D3CA2BB0080B7D6 /* Info.plist */,
				2872A0C21DF0A8B000380841 /* CG-Extensions.swift */,
			);
			path = RLStickyHeaderFlowLayout;
			sourceTree = "<group>";
		};
		7DAB52951D3CA2BB0080B7D6 /* RLStickyHeaderFlowLayoutTests */ = {
			isa = PBXGroup;
			children = (
				7DAB52961D3CA2BB0080B7D6 /* RLStickyHeaderFlowLayoutTests.swift */,
				7DAB52981D3CA2BB0080B7D6 /* Info.plist */,
			);
			path = RLStickyHeaderFlowLayoutTests;
			sourceTree = "<group>";
		};
		7DAB52A11D3CA2DE0080B7D6 /* RLStickyHeaderFlowLayout */ = {
			isa = PBXGroup;
			children = (
				7DAB52A21D3CA2DE0080B7D6 /* RLStickyHeaderFlowLayout.swift */,
				7DAB52A31D3CA2DE0080B7D6 /* RLStickyHeaderFlowLayoutAttributes.swift */,
			);
			path = RLStickyHeaderFlowLayout;
			sourceTree = "<group>";
		};
		7DAB52A41D3CA2DE0080B7D6 /* RLStickyHeaderFlowLayoutDemo */ = {
			isa = PBXGroup;
			children = (
				7DAB52A51D3CA2DE0080B7D6 /* Controller */,
				7DAB52B21D3CA2F40080B7D6 /* View */,
			);
			path = RLStickyHeaderFlowLayoutDemo;
			sourceTree = "<group>";
		};
		7DAB52A51D3CA2DE0080B7D6 /* Controller */ = {
			isa = PBXGroup;
			children = (
				7DAB52A61D3CA2DE0080B7D6 /* RLBaseCollectionController.swift */,
				7DAB52A91D3CA2DE0080B7D6 /* RLParallaxHeaderController.swift */,
				7DAB52A81D3CA2DE0080B7D6 /* RLLockedHeaderController.swift */,
				7DAB52A71D3CA2DE0080B7D6 /* RLGrowHeaderController.swift */,
				7DAB52AA1D3CA2DE0080B7D6 /* RLStickyParallaxHeaderController.swift */,
			);
			path = Controller;
			sourceTree = "<group>";
		};
		7DAB52B21D3CA2F40080B7D6 /* View */ = {
			isa = PBXGroup;
			children = (
				7DAB52B31D3CA36C0080B7D6 /* RLCollectionCell.swift */,
				7DAB52B51D3CA39C0080B7D6 /* RLSectionHeader.swift */,
				7DAB52B71D3CA3C70080B7D6 /* RLAlwaysOnTopHeader.swift */,
				7DAB52B81D3CA3C70080B7D6 /* RLAlwaysOnTopHeader.xib */,
				7DAB52BB1D3CA3DE0080B7D6 /* RLParallaxHeader.xib */,
				7DB84F0D1D3CA41400B1EE08 /* RLSearchBarHeader.xib */,
				7DB84F0F1D3CA42E00B1EE08 /* RLGrowHeader.xib */,
			);
			path = View;
			sourceTree = "<group>";
		};
		7DB84F141D3CAF1800B1EE08 /* Frameworks */ = {
			isa = PBXGroup;
			children = (
				7DB84F151D3CAF3200B1EE08 /* MapKit.framework */,
			);
			name = Frameworks;
			sourceTree = "<group>";
		};
/* End PBXGroup section */

/* Begin PBXNativeTarget section */
		7DAB527D1D3CA2BB0080B7D6 /* RLStickyHeaderFlowLayout */ = {
			isa = PBXNativeTarget;
			buildConfigurationList = 7DAB529B1D3CA2BB0080B7D6 /* Build configuration list for PBXNativeTarget "RLStickyHeaderFlowLayout" */;
			buildPhases = (
				7DAB527A1D3CA2BB0080B7D6 /* Sources */,
				7DAB527B1D3CA2BB0080B7D6 /* Frameworks */,
				7DAB527C1D3CA2BB0080B7D6 /* Resources */,
				7D2AE1541D3D26A200B91337 /* Embed Frameworks */,
			);
			buildRules = (
			);
			dependencies = (
			);
			name = RLStickyHeaderFlowLayout;
			productName = RLStickyHeaderFlowLayout;
			productReference = 7DAB527E1D3CA2BB0080B7D6 /* RLStickyHeaderFlowLayout.app */;
			productType = "com.apple.product-type.application";
		};
		7DAB52911D3CA2BB0080B7D6 /* RLStickyHeaderFlowLayoutTests */ = {
			isa = PBXNativeTarget;
			buildConfigurationList = 7DAB529E1D3CA2BB0080B7D6 /* Build configuration list for PBXNativeTarget "RLStickyHeaderFlowLayoutTests" */;
			buildPhases = (
				7DAB528E1D3CA2BB0080B7D6 /* Sources */,
				7DAB528F1D3CA2BB0080B7D6 /* Frameworks */,
				7DAB52901D3CA2BB0080B7D6 /* Resources */,
			);
			buildRules = (
			);
			dependencies = (
				7DAB52941D3CA2BB0080B7D6 /* PBXTargetDependency */,
			);
			name = RLStickyHeaderFlowLayoutTests;
			productName = RLStickyHeaderFlowLayoutTests;
			productReference = 7DAB52921D3CA2BB0080B7D6 /* RLStickyHeaderFlowLayoutTests.xctest */;
			productType = "com.apple.product-type.bundle.unit-test";
		};
/* End PBXNativeTarget section */

/* Begin PBXProject section */
		7DAB52761D3CA2BB0080B7D6 /* Project object */ = {
			isa = PBXProject;
			attributes = {
				LastSwiftUpdateCheck = 0730;
				LastUpgradeCheck = 0730;
				ORGANIZATIONNAME = "Roy lee";
				TargetAttributes = {
					7DAB527D1D3CA2BB0080B7D6 = {
						CreatedOnToolsVersion = 7.3.1;
						DevelopmentTeam = MPKS94G26Q;
					};
					7DAB52911D3CA2BB0080B7D6 = {
						CreatedOnToolsVersion = 7.3.1;
						TestTargetID = 7DAB527D1D3CA2BB0080B7D6;
					};
				};
			};
			buildConfigurationList = 7DAB52791D3CA2BB0080B7D6 /* Build configuration list for PBXProject "RLStickyHeaderFlowLayout" */;
			compatibilityVersion = "Xcode 3.2";
			developmentRegion = English;
			hasScannedForEncodings = 0;
			knownRegions = (
				en,
				Base,
			);
			mainGroup = 7DAB52751D3CA2BB0080B7D6;
			productRefGroup = 7DAB527F1D3CA2BB0080B7D6 /* Products */;
			projectDirPath = "";
			projectRoot = "";
			targets = (
				7DAB527D1D3CA2BB0080B7D6 /* RLStickyHeaderFlowLayout */,
				7DAB52911D3CA2BB0080B7D6 /* RLStickyHeaderFlowLayoutTests */,
			);
		};
/* End PBXProject section */

/* Begin PBXResourcesBuildPhase section */
		7DAB527C1D3CA2BB0080B7D6 /* Resources */ = {
			isa = PBXResourcesBuildPhase;
			buildActionMask = 2147483647;
			files = (
				7DB84F131D3CA50100B1EE08 /* Main.storyboard in Resources */,
				7DAB528C1D3CA2BB0080B7D6 /* LaunchScreen.storyboard in Resources */,
				7DB84F101D3CA42E00B1EE08 /* RLGrowHeader.xib in Resources */,
				7DAB52BC1D3CA3DE0080B7D6 /* RLParallaxHeader.xib in Resources */,
				7DB84F0E1D3CA41400B1EE08 /* RLSearchBarHeader.xib in Resources */,
				7DAB52BA1D3CA3C70080B7D6 /* RLAlwaysOnTopHeader.xib in Resources */,
				7DAB52891D3CA2BB0080B7D6 /* Assets.xcassets in Resources */,
			);
			runOnlyForDeploymentPostprocessing = 0;
		};
		7DAB52901D3CA2BB0080B7D6 /* Resources */ = {
			isa = PBXResourcesBuildPhase;
			buildActionMask = 2147483647;
			files = (
			);
			runOnlyForDeploymentPostprocessing = 0;
		};
/* End PBXResourcesBuildPhase section */

/* Begin PBXSourcesBuildPhase section */
		7DAB527A1D3CA2BB0080B7D6 /* Sources */ = {
			isa = PBXSourcesBuildPhase;
			buildActionMask = 2147483647;
			files = (
				7DAB52AB1D3CA2DE0080B7D6 /* RLStickyHeaderFlowLayout.swift in Sources */,
				7DAB52AE1D3CA2DE0080B7D6 /* RLGrowHeaderController.swift in Sources */,
				7DAB52841D3CA2BB0080B7D6 /* ViewController.swift in Sources */,
				7DAB52AD1D3CA2DE0080B7D6 /* RLBaseCollectionController.swift in Sources */,
				7DAB52B11D3CA2DE0080B7D6 /* RLStickyParallaxHeaderController.swift in Sources */,
				7DAB52AC1D3CA2DE0080B7D6 /* RLStickyHeaderFlowLayoutAttributes.swift in Sources */,
				7DAB52821D3CA2BB0080B7D6 /* AppDelegate.swift in Sources */,
				7DAB52B61D3CA39C0080B7D6 /* RLSectionHeader.swift in Sources */,
				7DAB52B91D3CA3C70080B7D6 /* RLAlwaysOnTopHeader.swift in Sources */,
				7DAB52B01D3CA2DE0080B7D6 /* RLParallaxHeaderController.swift in Sources */,
				2872A0C31DF0A8B000380841 /* CG-Extensions.swift in Sources */,
				7DAB52AF1D3CA2DE0080B7D6 /* RLLockedHeaderController.swift in Sources */,
				7DAB52B41D3CA36C0080B7D6 /* RLCollectionCell.swift in Sources */,
			);
			runOnlyForDeploymentPostprocessing = 0;
		};
		7DAB528E1D3CA2BB0080B7D6 /* Sources */ = {
			isa = PBXSourcesBuildPhase;
			buildActionMask = 2147483647;
			files = (
				7DAB52971D3CA2BB0080B7D6 /* RLStickyHeaderFlowLayoutTests.swift in Sources */,
			);
			runOnlyForDeploymentPostprocessing = 0;
		};
/* End PBXSourcesBuildPhase section */

/* Begin PBXTargetDependency section */
		7DAB52941D3CA2BB0080B7D6 /* PBXTargetDependency */ = {
			isa = PBXTargetDependency;
			target = 7DAB527D1D3CA2BB0080B7D6 /* RLStickyHeaderFlowLayout */;
			targetProxy = 7DAB52931D3CA2BB0080B7D6 /* PBXContainerItemProxy */;
		};
/* End PBXTargetDependency section */

/* Begin PBXVariantGroup section */
		7DAB528A1D3CA2BB0080B7D6 /* LaunchScreen.storyboard */ = {
			isa = PBXVariantGroup;
			children = (
				7DAB528B1D3CA2BB0080B7D6 /* Base */,
			);
			name = LaunchScreen.storyboard;
			sourceTree = "<group>";
		};
		7DB84F111D3CA50100B1EE08 /* Main.storyboard */ = {
			isa = PBXVariantGroup;
			children = (
				7DB84F121D3CA50100B1EE08 /* Base */,
			);
			name = Main.storyboard;
			sourceTree = "<group>";
		};
/* End PBXVariantGroup section */

/* Begin XCBuildConfiguration section */
		7DAB52991D3CA2BB0080B7D6 /* Debug */ = {
			isa = XCBuildConfiguration;
			buildSettings = {
				ALWAYS_SEARCH_USER_PATHS = NO;
				CLANG_ANALYZER_NONNULL = YES;
				CLANG_CXX_LANGUAGE_STANDARD = "gnu++0x";
				CLANG_CXX_LIBRARY = "libc++";
				CLANG_ENABLE_MODULES = YES;
				CLANG_ENABLE_OBJC_ARC = YES;
				CLANG_WARN_BOOL_CONVERSION = YES;
				CLANG_WARN_CONSTANT_CONVERSION = YES;
				CLANG_WARN_DIRECT_OBJC_ISA_USAGE = YES_ERROR;
				CLANG_WARN_EMPTY_BODY = YES;
				CLANG_WARN_ENUM_CONVERSION = YES;
				CLANG_WARN_INT_CONVERSION = YES;
				CLANG_WARN_OBJC_ROOT_CLASS = YES_ERROR;
				CLANG_WARN_UNREACHABLE_CODE = YES;
				CLANG_WARN__DUPLICATE_METHOD_MATCH = YES;
				"CODE_SIGN_IDENTITY[sdk=iphoneos*]" = "iPhone Developer";
				COPY_PHASE_STRIP = NO;
				DEBUG_INFORMATION_FORMAT = dwarf;
				ENABLE_STRICT_OBJC_MSGSEND = YES;
				ENABLE_TESTABILITY = YES;
				GCC_C_LANGUAGE_STANDARD = gnu99;
				GCC_DYNAMIC_NO_PIC = NO;
				GCC_NO_COMMON_BLOCKS = YES;
				GCC_OPTIMIZATION_LEVEL = 0;
				GCC_PREPROCESSOR_DEFINITIONS = (
					"DEBUG=1",
					"$(inherited)",
				);
				GCC_WARN_64_TO_32_BIT_CONVERSION = YES;
				GCC_WARN_ABOUT_RETURN_TYPE = YES_ERROR;
				GCC_WARN_UNDECLARED_SELECTOR = YES;
				GCC_WARN_UNINITIALIZED_AUTOS = YES_AGGRESSIVE;
				GCC_WARN_UNUSED_FUNCTION = YES;
				GCC_WARN_UNUSED_VARIABLE = YES;
				IPHONEOS_DEPLOYMENT_TARGET = 9.3;
				MTL_ENABLE_DEBUG_INFO = YES;
				ONLY_ACTIVE_ARCH = YES;
				SDKROOT = iphoneos;
				SWIFT_OPTIMIZATION_LEVEL = "-Onone";
			};
			name = Debug;
		};
		7DAB529A1D3CA2BB0080B7D6 /* Release */ = {
			isa = XCBuildConfiguration;
			buildSettings = {
				ALWAYS_SEARCH_USER_PATHS = NO;
				CLANG_ANALYZER_NONNULL = YES;
				CLANG_CXX_LANGUAGE_STANDARD = "gnu++0x";
				CLANG_CXX_LIBRARY = "libc++";
				CLANG_ENABLE_MODULES = YES;
				CLANG_ENABLE_OBJC_ARC = YES;
				CLANG_WARN_BOOL_CONVERSION = YES;
				CLANG_WARN_CONSTANT_CONVERSION = YES;
				CLANG_WARN_DIRECT_OBJC_ISA_USAGE = YES_ERROR;
				CLANG_WARN_EMPTY_BODY = YES;
				CLANG_WARN_ENUM_CONVERSION = YES;
				CLANG_WARN_INT_CONVERSION = YES;
				CLANG_WARN_OBJC_ROOT_CLASS = YES_ERROR;
				CLANG_WARN_UNREACHABLE_CODE = YES;
				CLANG_WARN__DUPLICATE_METHOD_MATCH = YES;
				"CODE_SIGN_IDENTITY[sdk=iphoneos*]" = "iPhone Developer";
				COPY_PHASE_STRIP = NO;
				DEBUG_INFORMATION_FORMAT = "dwarf-with-dsym";
				ENABLE_NS_ASSERTIONS = NO;
				ENABLE_STRICT_OBJC_MSGSEND = YES;
				GCC_C_LANGUAGE_STANDARD = gnu99;
				GCC_NO_COMMON_BLOCKS = YES;
				GCC_WARN_64_TO_32_BIT_CONVERSION = YES;
				GCC_WARN_ABOUT_RETURN_TYPE = YES_ERROR;
				GCC_WARN_UNDECLARED_SELECTOR = YES;
				GCC_WARN_UNINITIALIZED_AUTOS = YES_AGGRESSIVE;
				GCC_WARN_UNUSED_FUNCTION = YES;
				GCC_WARN_UNUSED_VARIABLE = YES;
				IPHONEOS_DEPLOYMENT_TARGET = 9.3;
				MTL_ENABLE_DEBUG_INFO = NO;
				SDKROOT = iphoneos;
				VALIDATE_PRODUCT = YES;
			};
			name = Release;
		};
		7DAB529C1D3CA2BB0080B7D6 /* Debug */ = {
			isa = XCBuildConfiguration;
			buildSettings = {
				ASSETCATALOG_COMPILER_APPICON_NAME = AppIcon;
				DEVELOPMENT_TEAM = MPKS94G26Q;
				EMBEDDED_CONTENT_CONTAINS_SWIFT = YES;
				INFOPLIST_FILE = RLStickyHeaderFlowLayout/Info.plist;
				IPHONEOS_DEPLOYMENT_TARGET = 8;
				LD_RUNPATH_SEARCH_PATHS = "$(inherited) @executable_path/Frameworks";
				PRODUCT_BUNDLE_IDENTIFIER = mengliang.RLStickyHeaderFlowLayout;
				PRODUCT_NAME = "$(TARGET_NAME)";
				SWIFT_VERSION = 3.0.1;
			};
			name = Debug;
		};
		7DAB529D1D3CA2BB0080B7D6 /* Release */ = {
			isa = XCBuildConfiguration;
			buildSettings = {
				ASSETCATALOG_COMPILER_APPICON_NAME = AppIcon;
				DEVELOPMENT_TEAM = MPKS94G26Q;
				EMBEDDED_CONTENT_CONTAINS_SWIFT = YES;
				INFOPLIST_FILE = RLStickyHeaderFlowLayout/Info.plist;
				IPHONEOS_DEPLOYMENT_TARGET = 8;
				LD_RUNPATH_SEARCH_PATHS = "$(inherited) @executable_path/Frameworks";
				PRODUCT_BUNDLE_IDENTIFIER = mengliang.RLStickyHeaderFlowLayout;
				PRODUCT_NAME = "$(TARGET_NAME)";
				SWIFT_VERSION = 3.0.1;
			};
			name = Release;
		};
		7DAB529F1D3CA2BB0080B7D6 /* Debug */ = {
			isa = XCBuildConfiguration;
			buildSettings = {
				BUNDLE_LOADER = "$(TEST_HOST)";
				INFOPLIST_FILE = RLStickyHeaderFlowLayoutTests/Info.plist;
				LD_RUNPATH_SEARCH_PATHS = "$(inherited) @executable_path/Frameworks @loader_path/Frameworks";
				PRODUCT_BUNDLE_IDENTIFIER = mengliang.RLStickyHeaderFlowLayoutTests;
				PRODUCT_NAME = "$(TARGET_NAME)";
				TEST_HOST = "$(BUILT_PRODUCTS_DIR)/RLStickyHeaderFlowLayout.app/RLStickyHeaderFlowLayout";
			};
			name = Debug;
		};
		7DAB52A01D3CA2BB0080B7D6 /* Release */ = {
			isa = XCBuildConfiguration;
			buildSettings = {
				BUNDLE_LOADER = "$(TEST_HOST)";
				INFOPLIST_FILE = RLStickyHeaderFlowLayoutTests/Info.plist;
				LD_RUNPATH_SEARCH_PATHS = "$(inherited) @executable_path/Frameworks @loader_path/Frameworks";
				PRODUCT_BUNDLE_IDENTIFIER = mengliang.RLStickyHeaderFlowLayoutTests;
				PRODUCT_NAME = "$(TARGET_NAME)";
				TEST_HOST = "$(BUILT_PRODUCTS_DIR)/RLStickyHeaderFlowLayout.app/RLStickyHeaderFlowLayout";
			};
			name = Release;
		};
/* End XCBuildConfiguration section */

/* Begin XCConfigurationList section */
		7DAB52791D3CA2BB0080B7D6 /* Build configuration list for PBXProject "RLStickyHeaderFlowLayout" */ = {
			isa = XCConfigurationList;
			buildConfigurations = (
				7DAB52991D3CA2BB0080B7D6 /* Debug */,
				7DAB529A1D3CA2BB0080B7D6 /* Release */,
			);
			defaultConfigurationIsVisible = 0;
			defaultConfigurationName = Release;
		};
		7DAB529B1D3CA2BB0080B7D6 /* Build configuration list for PBXNativeTarget "RLStickyHeaderFlowLayout" */ = {
			isa = XCConfigurationList;
			buildConfigurations = (
				7DAB529C1D3CA2BB0080B7D6 /* Debug */,
				7DAB529D1D3CA2BB0080B7D6 /* Release */,
			);
			defaultConfigurationIsVisible = 0;
			defaultConfigurationName = Release;
		};
		7DAB529E1D3CA2BB0080B7D6 /* Build configuration list for PBXNativeTarget "RLStickyHeaderFlowLayoutTests" */ = {
			isa = XCConfigurationList;
			buildConfigurations = (
				7DAB529F1D3CA2BB0080B7D6 /* Debug */,
				7DAB52A01D3CA2BB0080B7D6 /* Release */,
			);
			defaultConfigurationIsVisible = 0;
			defaultConfigurationName = Release;
		};
/* End XCConfigurationList section */
	};
	rootObject = 7DAB52761D3CA2BB0080B7D6 /* Project object */;
}
